
Microsoft Visual Studio Solution File, Format Version 12.00
# Visual Studio 14
VisualStudioVersion = 14.0.23107.0
MinimumVisualStudioVersion = 10.0.40219.1
Project("{FAE04EC0-301F-11D3-BF4B-00C04F79EFBC}") = "ManagedExtensibilityTrialConsole", "ManagedExtensibilityTrialConsole\ManagedExtensibilityTrialConsole.csproj", "{DB1F051F-BCCB-4ECF-BFFC-134DA254344C}"
EndProject
Project("{FAE04EC0-301F-11D3-BF4B-00C04F79EFBC}") = "Contracts", "Contracts\Contracts.csproj", "{F5723D9A-1E46-457C-9EF0-4A57E956E15B}"
EndProject
Project("{FAE04EC0-301F-11D3-BF4B-00C04F79EFBC}") = "ContractImpl", "ContractImpl\ContractImpl.csproj", "{9B117230-435B-4D34-BDD4-5DB021DD4044}"
EndProject
Project("{FAE04EC0-301F-11D3-BF4B-00C04F79EFBC}") = "CalculatorOperations", "CalculatorOperations\CalculatorOperations.csproj", "{084E2F76-3C4E-4393-942B-1212287FF80F}"
EndProject
Global
	GlobalSection(SolutionConfigurationPlatforms) = preSolution
		Debug|Any CPU = Debug|Any CPU
		Debug|ARM = Debug|ARM
		Debug|x64 = Debug|x64
		Debug|x86 = Debug|x86
		Release|Any CPU = Release|Any CPU
		Release|ARM = Release|ARM
		Release|x64 = Release|x64
		Release|x86 = Release|x86
	EndGlobalSection
	GlobalSection(ProjectConfigurationPlatforms) = postSolution
		{DB1F051F-BCCB-4ECF-BFFC-134DA254344C}.Debug|Any CPU.ActiveCfg = Debug|Any CPU
		{DB1F051F-BCCB-4ECF-BFFC-134DA254344C}.Debug|Any CPU.Build.0 = Debug|Any CPU
		{DB1F051F-BCCB-4ECF-BFFC-134DA254344C}.Debug|ARM.ActiveCfg = Debug|Any CPU
		{DB1F051F-BCCB-4ECF-BFFC-134DA254344C}.Debug|ARM.Build.0 = Debug|Any CPU
		{DB1F051F-BCCB-4ECF-BFFC-134DA254344C}.Debug|x64.ActiveCfg = Debug|Any CPU
		{DB1F051F-BCCB-4ECF-BFFC-134DA254344C}.Debug|x64.Build.0 = Debug|Any CPU
		{DB1F051F-BCCB-4ECF-BFFC-134DA254344C}.Debug|x86.ActiveCfg = Debug|Any CPU
		{DB1F051F-BCCB-4ECF-BFFC-134DA254344C}.Debug|x86.Build.0 = Debug|Any CPU
		{DB1F051F-BCCB-4ECF-BFFC-134DA254344C}.Release|Any CPU.ActiveCfg = Release|Any CPU
		{DB1F051F-BCCB-4ECF-BFFC-134DA254344C}.Release|Any CPU.Build.0 = Release|Any CPU
		{DB1F051F-BCCB-4ECF-BFFC-134DA254344C}.Release|ARM.ActiveCfg = Release|Any CPU
		{DB1F051F-BCCB-4ECF-BFFC-134DA254344C}.Release|ARM.Build.0 = Release|Any CPU
		{DB1F051F-BCCB-4ECF-BFFC-134DA254344C}.Release|x64.ActiveCfg = Release|Any CPU
		{DB1F051F-BCCB-4ECF-BFFC-134DA254344C}.Release|x64.Build.0 = Release|Any CPU
		{DB1F051F-BCCB-4ECF-BFFC-134DA254344C}.Release|x86.ActiveCfg = Release|Any CPU
		{DB1F051F-BCCB-4ECF-BFFC-134DA254344C}.Release|x86.Build.0 = Release|Any CPU
		{F5723D9A-1E46-457C-9EF0-4A57E956E15B}.Debug|Any CPU.ActiveCfg = Debug|Any CPU
		{F5723D9A-1E46-457C-9EF0-4A57E956E15B}.Debug|Any CPU.Build.0 = Debug|Any CPU
		{F5723D9A-1E46-457C-9EF0-4A57E956E15B}.Debug|ARM.ActiveCfg = Debug|Any CPU
		{F5723D9A-1E46-457C-9EF0-4A57E956E15B}.Debug|ARM.Build.0 = Debug|Any CPU
		{F5723D9A-1E46-457C-9EF0-4A57E956E15B}.Debug|x64.ActiveCfg = Debug|Any CPU
		{F5723D9A-1E46-457C-9EF0-4A57E956E15B}.Debug|x64.Build.0 = Debug|Any CPU
		{F5723D9A-1E46-457C-9EF0-4A57E956E15B}.Debug|x86.ActiveCfg = Debug|Any CPU
		{F5723D9A-1E46-457C-9EF0-4A57E956E15B}.Debug|x86.Build.0 = Debug|Any CPU
		{F5723D9A-1E46-457C-9EF0-4A57E956E15B}.Release|Any CPU.ActiveCfg = Release|Any CPU
		{F5723D9A-1E46-457C-9EF0-4A57E956E15B}.Release|Any CPU.Build.0 = Release|Any CPU
		{F5723D9A-1E46-457C-9EF0-4A57E956E15B}.Release|ARM.ActiveCfg = Release|Any CPU
		{F5723D9A-1E46-457C-9EF0-4A57E956E15B}.Release|ARM.Build.0 = Release|Any CPU
		{F5723D9A-1E46-457C-9EF0-4A57E956E15B}.Release|x64.ActiveCfg = Release|Any CPU
		{F5723D9A-1E46-457C-9EF0-4A57E956E15B}.Release|x64.Build.0 = Release|Any CPU
		{F5723D9A-1E46-457C-9EF0-4A57E956E15B}.Release|x86.ActiveCfg = Release|Any CPU
		{F5723D9A-1E46-457C-9EF0-4A57E956E15B}.Release|x86.Build.0 = Release|Any CPU
		{9B117230-435B-4D34-BDD4-5DB021DD4044}.Debug|Any CPU.ActiveCfg = Debug|Any CPU
		{9B117230-435B-4D34-BDD4-5DB021DD4044}.Debug|Any CPU.Build.0 = Debug|Any CPU
		{9B117230-435B-4D34-BDD4-5DB021DD4044}.Debug|ARM.ActiveCfg = Debug|Any CPU
		{9B117230-435B-4D34-BDD4-5DB021DD4044}.Debug|ARM.Build.0 = Debug|Any CPU
		{9B117230-435B-4D34-BDD4-5DB021DD4044}.Debug|x64.ActiveCfg = Debug|Any CPU
		{9B117230-435B-4D34-BDD4-5DB021DD4044}.Debug|x64.Build.0 = Debug|Any CPU
		{9B117230-435B-4D34-BDD4-5DB021DD4044}.Debug|x86.ActiveCfg = Debug|Any CPU
		{9B117230-435B-4D34-BDD4-5DB021DD4044}.Debug|x86.Build.0 = Debug|Any CPU
		{9B117230-435B-4D34-BDD4-5DB021DD4044}.Release|Any CPU.ActiveCfg = Release|Any CPU
		{9B117230-435B-4D34-BDD4-5DB021DD4044}.Release|Any CPU.Build.0 = Release|Any CPU
		{9B117230-435B-4D34-BDD4-5DB021DD4044}.Release|ARM.ActiveCfg = Release|Any CPU
		{9B117230-435B-4D34-BDD4-5DB021DD4044}.Release|ARM.Build.0 = Release|Any CPU
		{9B117230-435B-4D34-BDD4-5DB021DD4044}.Release|x64.ActiveCfg = Release|Any CPU
		{9B117230-435B-4D34-BDD4-5DB021DD4044}.Release|x64.Build.0 = Release|Any CPU
		{9B117230-435B-4D34-BDD4-5DB021DD4044}.Release|x86.ActiveCfg = Release|Any CPU
		{9B117230-435B-4D34-BDD4-5DB021DD4044}.Release|x86.Build.0 = Release|Any CPU
		{084E2F76-3C4E-4393-942B-1212287FF80F}.Debug|Any CPU.ActiveCfg = Debug|Any CPU
		{084E2F76-3C4E-4393-942B-1212287FF80F}.Debug|Any CPU.Build.0 = Debug|Any CPU
		{084E2F76-3C4E-4393-942B-1212287FF80F}.Debug|ARM.ActiveCfg = Debug|Any CPU
		{084E2F76-3C4E-4393-942B-1212287FF80F}.Debug|ARM.Build.0 = Debug|Any CPU
		{084E2F76-3C4E-4393-942B-1212287FF80F}.Debug|x64.ActiveCfg = Debug|Any CPU
		{084E2F76-3C4E-4393-942B-1212287FF80F}.Debug|x64.Build.0 = Debug|Any CPU
		{084E2F76-3C4E-4393-942B-1212287FF80F}.Debug|x86.ActiveCfg = Debug|Any CPU
		{084E2F76-3C4E-4393-942B-1212287FF80F}.Debug|x86.Build.0 = Debug|Any CPU
		{084E2F76-3C4E-4393-942B-1212287FF80F}.Release|Any CPU.ActiveCfg = Release|Any CPU
		{084E2F76-3C4E-4393-942B-1212287FF80F}.Release|Any CPU.Build.0 = Release|Any CPU
		{084E2F76-3C4E-4393-942B-1212287FF80F}.Release|ARM.ActiveCfg = Release|Any CPU
		{084E2F76-3C4E-4393-942B-1212287FF80F}.Release|ARM.Build.0 = Release|Any CPU
		{084E2F76-3C4E-4393-942B-1212287FF80F}.Release|x64.ActiveCfg = Release|Any CPU
		{084E2F76-3C4E-4393-942B-1212287FF80F}.Release|x64.Build.0 = Release|Any CPU
		{084E2F76-3C4E-4393-942B-1212287FF80F}.Release|x86.ActiveCfg = Release|Any CPU
		{084E2F76-3C4E-4393-942B-1212287FF80F}.Release|x86.Build.0 = Release|Any CPU
	EndGlobalSection
	GlobalSection(SolutionProperties) = preSolution
		HideSolutionNode = FALSE
	EndGlobalSection
EndGlobal
